Microsoft Visual Studio Solution File, Format Version 12.00
# Visual Studio 15
VisualStudioVersion = 15.0.27004.2010
MinimumVisualStudioVersion = 10.0.40219.1
Project("{FAE04EC0-301F-11D3-BF4B-00C04F79EFBC}") = "MountainWalker.Core", "MountainWalker.Core\MountainWalker.Core.csproj", "{AFBD23E5-3C7F-43DD-B5D2-6B09ABB155F7}"
EndProject
Project("{FAE04EC0-301F-11D3-BF4B-00C04F79EFBC}") = "MountainWalker.Droid", "MountainWalker.Droid\MountainWalker.Droid.csproj", "{3D3C1642-2B21-47EE-996D-40444757935F}"
EndProject
Project("{FAE04EC0-301F-11D3-BF4B-00C04F79EFBC}") = "MountainWalker.Touch", "MountainWalker.Touch\MountainWalker.Touch.csproj", "{ACAE798D-970F-4EDA-9182-47BD4470470D}"
EndProject
Project("{9A19103F-16F7-4668-BE54-9A1E7A4F7556}") = "MountainWalkerWebAPI", "..\WebAPI\MountainWalkerWebAPI\MountainWalkerWebAPI\MountainWalkerWebAPI.csproj", "{429F9F31-516B-4C53-90CB-1AA967D0D78C}"
EndProject
Global
	GlobalSection(SolutionConfigurationPlatforms) = preSolution
		Debug|Any CPU = Debug|Any CPU
		Debug|iPhone = Debug|iPhone
		Debug|iPhoneSimulator = Debug|iPhoneSimulator
		Release|Any CPU = Release|Any CPU
		Release|iPhone = Release|iPhone
		Release|iPhoneSimulator = Release|iPhoneSimulator
	EndGlobalSection
	GlobalSection(ProjectConfigurationPlatforms) = postSolution
		{AFBD23E5-3C7F-43DD-B5D2-6B09ABB155F7}.Debug|Any CPU.ActiveCfg = Debug|Any CPU
		{AFBD23E5-3C7F-43DD-B5D2-6B09ABB155F7}.Debug|Any CPU.Build.0 = Debug|Any CPU
		{AFBD23E5-3C7F-43DD-B5D2-6B09ABB155F7}.Debug|iPhone.ActiveCfg = Debug|Any CPU
		{AFBD23E5-3C7F-43DD-B5D2-6B09ABB155F7}.Debug|iPhone.Build.0 = Debug|Any CPU
		{AFBD23E5-3C7F-43DD-B5D2-6B09ABB155F7}.Debug|iPhoneSimulator.ActiveCfg = Debug|Any CPU
		{AFBD23E5-3C7F-43DD-B5D2-6B09ABB155F7}.Debug|iPhoneSimulator.Build.0 = Debug|Any CPU
		{AFBD23E5-3C7F-43DD-B5D2-6B09ABB155F7}.Release|Any CPU.ActiveCfg = Release|Any CPU
		{AFBD23E5-3C7F-43DD-B5D2-6B09ABB155F7}.Release|Any CPU.Build.0 = Release|Any CPU
		{AFBD23E5-3C7F-43DD-B5D2-6B09ABB155F7}.Release|iPhone.ActiveCfg = Release|Any CPU
		{AFBD23E5-3C7F-43DD-B5D2-6B09ABB155F7}.Release|iPhone.Build.0 = Release|Any CPU
		{AFBD23E5-3C7F-43DD-B5D2-6B09ABB155F7}.Release|iPhoneSimulator.ActiveCfg = Release|Any CPU
		{AFBD23E5-3C7F-43DD-B5D2-6B09ABB155F7}.Release|iPhoneSimulator.Build.0 = Release|Any CPU
		{3D3C1642-2B21-47EE-996D-40444757935F}.Debug|Any CPU.ActiveCfg = Debug|Any CPU
		{3D3C1642-2B21-47EE-996D-40444757935F}.Debug|Any CPU.Build.0 = Debug|Any CPU
		{3D3C1642-2B21-47EE-996D-40444757935F}.Debug|Any CPU.Deploy.0 = Debug|Any CPU
		{3D3C1642-2B21-47EE-996D-40444757935F}.Debug|iPhone.ActiveCfg = Debug|Any CPU
		{3D3C1642-2B21-47EE-996D-40444757935F}.Debug|iPhone.Build.0 = Debug|Any CPU
		{3D3C1642-2B21-47EE-996D-40444757935F}.Debug|iPhoneSimulator.ActiveCfg = Debug|Any CPU
		{3D3C1642-2B21-47EE-996D-40444757935F}.Debug|iPhoneSimulator.Build.0 = Debug|Any CPU
		{3D3C1642-2B21-47EE-996D-40444757935F}.Release|Any CPU.ActiveCfg = Release|Any CPU
		{3D3C1642-2B21-47EE-996D-40444757935F}.Release|Any CPU.Build.0 = Release|Any CPU
		{3D3C1642-2B21-47EE-996D-40444757935F}.Release|iPhone.ActiveCfg = Release|Any CPU
		{3D3C1642-2B21-47EE-996D-40444757935F}.Release|iPhone.Build.0 = Release|Any CPU
		{3D3C1642-2B21-47EE-996D-40444757935F}.Release|iPhoneSimulator.ActiveCfg = Release|Any CPU
		{3D3C1642-2B21-47EE-996D-40444757935F}.Release|iPhoneSimulator.Build.0 = Release|Any CPU
		{ACAE798D-970F-4EDA-9182-47BD4470470D}.Debug|Any CPU.ActiveCfg = Debug|iPhoneSimulator
		{ACAE798D-970F-4EDA-9182-47BD4470470D}.Debug|Any CPU.Build.0 = Debug|iPhoneSimulator
		{ACAE798D-970F-4EDA-9182-47BD4470470D}.Debug|iPhone.ActiveCfg = Debug|iPhone
		{ACAE798D-970F-4EDA-9182-47BD4470470D}.Debug|iPhone.Build.0 = Debug|iPhone
		{ACAE798D-970F-4EDA-9182-47BD4470470D}.Debug|iPhoneSimulator.ActiveCfg = Debug|iPhoneSimulator
		{ACAE798D-970F-4EDA-9182-47BD4470470D}.Debug|iPhoneSimulator.Build.0 = Debug|iPhoneSimulator
		{ACAE798D-970F-4EDA-9182-47BD4470470D}.Release|Any CPU.ActiveCfg = Release|iPhone
		{ACAE798D-970F-4EDA-9182-47BD4470470D}.Release|Any CPU.Build.0 = Release|iPhone
		{ACAE798D-970F-4EDA-9182-47BD4470470D}.Release|iPhone.ActiveCfg = Release|iPhone
		{ACAE798D-970F-4EDA-9182-47BD4470470D}.Release|iPhone.Build.0 = Release|iPhone
		{ACAE798D-970F-4EDA-9182-47BD4470470D}.Release|iPhoneSimulator.ActiveCfg = Release|iPhoneSimulator
		{ACAE798D-970F-4EDA-9182-47BD4470470D}.Release|iPhoneSimulator.Build.0 = Release|iPhoneSimulator
		{429F9F31-516B-4C53-90CB-1AA967D0D78C}.Debug|Any CPU.ActiveCfg = Debug|Any CPU
		{429F9F31-516B-4C53-90CB-1AA967D0D78C}.Debug|Any CPU.Build.0 = Debug|Any CPU
		{429F9F31-516B-4C53-90CB-1AA967D0D78C}.Debug|iPhone.ActiveCfg = Debug|Any CPU
		{429F9F31-516B-4C53-90CB-1AA967D0D78C}.Debug|iPhone.Build.0 = Debug|Any CPU
		{429F9F31-516B-4C53-90CB-1AA967D0D78C}.Debug|iPhoneSimulator.ActiveCfg = Debug|Any CPU
		{429F9F31-516B-4C53-90CB-1AA967D0D78C}.Debug|iPhoneSimulator.Build.0 = Debug|Any CPU
		{429F9F31-516B-4C53-90CB-1AA967D0D78C}.Release|Any CPU.ActiveCfg = Release|Any CPU
		{429F9F31-516B-4C53-90CB-1AA967D0D78C}.Release|Any CPU.Build.0 = Release|Any CPU
		{429F9F31-516B-4C53-90CB-1AA967D0D78C}.Release|iPhone.ActiveCfg = Release|Any CPU
		{429F9F31-516B-4C53-90CB-1AA967D0D78C}.Release|iPhone.Build.0 = Release|Any CPU
		{429F9F31-516B-4C53-90CB-1AA967D0D78C}.Release|iPhoneSimulator.ActiveCfg = Release|Any CPU
		{429F9F31-516B-4C53-90CB-1AA967D0D78C}.Release|iPhoneSimulator.Build.0 = Release|Any CPU
	EndGlobalSection
	GlobalSection(SolutionProperties) = preSolution
		HideSolutionNode = FALSE
	EndGlobalSection
	GlobalSection(ExtensibilityGlobals) = postSolution
		SolutionGuid = {46AD512F-6740-47AE-B5EF-6B2DECC7F3B1}
	EndGlobalSection
EndGlobal
