
Microsoft Visual Studio Solution File, Format Version 12.00
# Visual Studio 15
VisualStudioVersion = 15.0.27004.2002
MinimumVisualStudioVersion = 10.0.40219.1
Project("{FAE04EC0-301F-11D3-BF4B-00C04F79EFBC}") = "MountainWalker.Core", "MountainWalker.Core\MountainWalker.Core.csproj", "{E375471E-70B9-499C-96F9-174C0AC0E633}"
EndProject
Project("{FAE04EC0-301F-11D3-BF4B-00C04F79EFBC}") = "MountainWalker.Droid", "MountainWalker.Droid\MountainWalker.Droid.csproj", "{8A742A7E-80F2-4115-8FEC-CCEB35C47634}"
EndProject
Project("{FAE04EC0-301F-11D3-BF4B-00C04F79EFBC}") = "MountainWalker.iOS", "MountainWalker.iOS\MountainWalker.iOS.csproj", "{7887DA10-86E2-44F6-A8F7-FDD7A2775AAE}"
EndProject
Global
	GlobalSection(SolutionConfigurationPlatforms) = preSolution
		Ad-Hoc|Any CPU = Ad-Hoc|Any CPU
		Ad-Hoc|iPhone = Ad-Hoc|iPhone
		Ad-Hoc|iPhoneSimulator = Ad-Hoc|iPhoneSimulator
		AppStore|Any CPU = AppStore|Any CPU
		AppStore|iPhone = AppStore|iPhone
		AppStore|iPhoneSimulator = AppStore|iPhoneSimulator
		Debug|Any CPU = Debug|Any CPU
		Debug|iPhone = Debug|iPhone
		Debug|iPhoneSimulator = Debug|iPhoneSimulator
		Release|Any CPU = Release|Any CPU
		Release|iPhone = Release|iPhone
		Release|iPhoneSimulator = Release|iPhoneSimulator
	EndGlobalSection
	GlobalSection(ProjectConfigurationPlatforms) = postSolution
		{E375471E-70B9-499C-96F9-174C0AC0E633}.Ad-Hoc|Any CPU.ActiveCfg = Release|Any CPU
		{E375471E-70B9-499C-96F9-174C0AC0E633}.Ad-Hoc|Any CPU.Build.0 = Release|Any CPU
		{E375471E-70B9-499C-96F9-174C0AC0E633}.Ad-Hoc|iPhone.ActiveCfg = Release|Any CPU
		{E375471E-70B9-499C-96F9-174C0AC0E633}.Ad-Hoc|iPhone.Build.0 = Release|Any CPU
		{E375471E-70B9-499C-96F9-174C0AC0E633}.Ad-Hoc|iPhoneSimulator.ActiveCfg = Release|Any CPU
		{E375471E-70B9-499C-96F9-174C0AC0E633}.Ad-Hoc|iPhoneSimulator.Build.0 = Release|Any CPU
		{E375471E-70B9-499C-96F9-174C0AC0E633}.AppStore|Any CPU.ActiveCfg = Release|Any CPU
		{E375471E-70B9-499C-96F9-174C0AC0E633}.AppStore|Any CPU.Build.0 = Release|Any CPU
		{E375471E-70B9-499C-96F9-174C0AC0E633}.AppStore|iPhone.ActiveCfg = Release|Any CPU
		{E375471E-70B9-499C-96F9-174C0AC0E633}.AppStore|iPhone.Build.0 = Release|Any CPU
		{E375471E-70B9-499C-96F9-174C0AC0E633}.AppStore|iPhoneSimulator.ActiveCfg = Release|Any CPU
		{E375471E-70B9-499C-96F9-174C0AC0E633}.AppStore|iPhoneSimulator.Build.0 = Release|Any CPU
		{E375471E-70B9-499C-96F9-174C0AC0E633}.Debug|Any CPU.ActiveCfg = Debug|Any CPU
		{E375471E-70B9-499C-96F9-174C0AC0E633}.Debug|Any CPU.Build.0 = Debug|Any CPU
		{E375471E-70B9-499C-96F9-174C0AC0E633}.Debug|iPhone.ActiveCfg = Debug|Any CPU
		{E375471E-70B9-499C-96F9-174C0AC0E633}.Debug|iPhone.Build.0 = Debug|Any CPU
		{E375471E-70B9-499C-96F9-174C0AC0E633}.Debug|iPhoneSimulator.ActiveCfg = Debug|Any CPU
		{E375471E-70B9-499C-96F9-174C0AC0E633}.Debug|iPhoneSimulator.Build.0 = Debug|Any CPU
		{E375471E-70B9-499C-96F9-174C0AC0E633}.Release|Any CPU.ActiveCfg = Release|Any CPU
		{E375471E-70B9-499C-96F9-174C0AC0E633}.Release|Any CPU.Build.0 = Release|Any CPU
		{E375471E-70B9-499C-96F9-174C0AC0E633}.Release|iPhone.ActiveCfg = Release|Any CPU
		{E375471E-70B9-499C-96F9-174C0AC0E633}.Release|iPhone.Build.0 = Release|Any CPU
		{E375471E-70B9-499C-96F9-174C0AC0E633}.Release|iPhoneSimulator.ActiveCfg = Release|Any CPU
		{E375471E-70B9-499C-96F9-174C0AC0E633}.Release|iPhoneSimulator.Build.0 = Release|Any CPU
		{8A742A7E-80F2-4115-8FEC-CCEB35C47634}.Ad-Hoc|Any CPU.ActiveCfg = Release|Any CPU
		{8A742A7E-80F2-4115-8FEC-CCEB35C47634}.Ad-Hoc|Any CPU.Build.0 = Release|Any CPU
		{8A742A7E-80F2-4115-8FEC-CCEB35C47634}.Ad-Hoc|Any CPU.Deploy.0 = Release|Any CPU
		{8A742A7E-80F2-4115-8FEC-CCEB35C47634}.Ad-Hoc|iPhone.ActiveCfg = Release|Any CPU
		{8A742A7E-80F2-4115-8FEC-CCEB35C47634}.Ad-Hoc|iPhone.Build.0 = Release|Any CPU
		{8A742A7E-80F2-4115-8FEC-CCEB35C47634}.Ad-Hoc|iPhone.Deploy.0 = Release|Any CPU
		{8A742A7E-80F2-4115-8FEC-CCEB35C47634}.Ad-Hoc|iPhoneSimulator.ActiveCfg = Release|Any CPU
		{8A742A7E-80F2-4115-8FEC-CCEB35C47634}.Ad-Hoc|iPhoneSimulator.Build.0 = Release|Any CPU
		{8A742A7E-80F2-4115-8FEC-CCEB35C47634}.Ad-Hoc|iPhoneSimulator.Deploy.0 = Release|Any CPU
		{8A742A7E-80F2-4115-8FEC-CCEB35C47634}.AppStore|Any CPU.ActiveCfg = Release|Any CPU
		{8A742A7E-80F2-4115-8FEC-CCEB35C47634}.AppStore|Any CPU.Build.0 = Release|Any CPU
		{8A742A7E-80F2-4115-8FEC-CCEB35C47634}.AppStore|Any CPU.Deploy.0 = Release|Any CPU
		{8A742A7E-80F2-4115-8FEC-CCEB35C47634}.AppStore|iPhone.ActiveCfg = Release|Any CPU
		{8A742A7E-80F2-4115-8FEC-CCEB35C47634}.AppStore|iPhone.Build.0 = Release|Any CPU
		{8A742A7E-80F2-4115-8FEC-CCEB35C47634}.AppStore|iPhone.Deploy.0 = Release|Any CPU
		{8A742A7E-80F2-4115-8FEC-CCEB35C47634}.AppStore|iPhoneSimulator.ActiveCfg = Release|Any CPU
		{8A742A7E-80F2-4115-8FEC-CCEB35C47634}.AppStore|iPhoneSimulator.Build.0 = Release|Any CPU
		{8A742A7E-80F2-4115-8FEC-CCEB35C47634}.AppStore|iPhoneSimulator.Deploy.0 = Release|Any CPU
		{8A742A7E-80F2-4115-8FEC-CCEB35C47634}.Debug|Any CPU.ActiveCfg = Debug|Any CPU
		{8A742A7E-80F2-4115-8FEC-CCEB35C47634}.Debug|Any CPU.Build.0 = Debug|Any CPU
		{8A742A7E-80F2-4115-8FEC-CCEB35C47634}.Debug|Any CPU.Deploy.0 = Debug|Any CPU
		{8A742A7E-80F2-4115-8FEC-CCEB35C47634}.Debug|iPhone.ActiveCfg = Debug|Any CPU
		{8A742A7E-80F2-4115-8FEC-CCEB35C47634}.Debug|iPhone.Build.0 = Debug|Any CPU
		{8A742A7E-80F2-4115-8FEC-CCEB35C47634}.Debug|iPhone.Deploy.0 = Debug|Any CPU
		{8A742A7E-80F2-4115-8FEC-CCEB35C47634}.Debug|iPhoneSimulator.ActiveCfg = Debug|Any CPU
		{8A742A7E-80F2-4115-8FEC-CCEB35C47634}.Debug|iPhoneSimulator.Build.0 = Debug|Any CPU
		{8A742A7E-80F2-4115-8FEC-CCEB35C47634}.Debug|iPhoneSimulator.Deploy.0 = Debug|Any CPU
		{8A742A7E-80F2-4115-8FEC-CCEB35C47634}.Release|Any CPU.ActiveCfg = Release|Any CPU
		{8A742A7E-80F2-4115-8FEC-CCEB35C47634}.Release|Any CPU.Build.0 = Release|Any CPU
		{8A742A7E-80F2-4115-8FEC-CCEB35C47634}.Release|Any CPU.Deploy.0 = Release|Any CPU
		{8A742A7E-80F2-4115-8FEC-CCEB35C47634}.Release|iPhone.ActiveCfg = Release|Any CPU
		{8A742A7E-80F2-4115-8FEC-CCEB35C47634}.Release|iPhone.Build.0 = Release|Any CPU
		{8A742A7E-80F2-4115-8FEC-CCEB35C47634}.Release|iPhone.Deploy.0 = Release|Any CPU
		{8A742A7E-80F2-4115-8FEC-CCEB35C47634}.Release|iPhoneSimulator.ActiveCfg = Release|Any CPU
		{8A742A7E-80F2-4115-8FEC-CCEB35C47634}.Release|iPhoneSimulator.Build.0 = Release|Any CPU
		{8A742A7E-80F2-4115-8FEC-CCEB35C47634}.Release|iPhoneSimulator.Deploy.0 = Release|Any CPU
		{7887DA10-86E2-44F6-A8F7-FDD7A2775AAE}.Ad-Hoc|Any CPU.ActiveCfg = Ad-Hoc|iPhone
		{7887DA10-86E2-44F6-A8F7-FDD7A2775AAE}.Ad-Hoc|iPhone.ActiveCfg = Ad-Hoc|iPhone
		{7887DA10-86E2-44F6-A8F7-FDD7A2775AAE}.Ad-Hoc|iPhone.Build.0 = Ad-Hoc|iPhone
		{7887DA10-86E2-44F6-A8F7-FDD7A2775AAE}.Ad-Hoc|iPhoneSimulator.ActiveCfg = Ad-Hoc|iPhoneSimulator
		{7887DA10-86E2-44F6-A8F7-FDD7A2775AAE}.Ad-Hoc|iPhoneSimulator.Build.0 = Ad-Hoc|iPhoneSimulator
		{7887DA10-86E2-44F6-A8F7-FDD7A2775AAE}.AppStore|Any CPU.ActiveCfg = AppStore|iPhone
		{7887DA10-86E2-44F6-A8F7-FDD7A2775AAE}.AppStore|iPhone.ActiveCfg = AppStore|iPhone
		{7887DA10-86E2-44F6-A8F7-FDD7A2775AAE}.AppStore|iPhone.Build.0 = AppStore|iPhone
		{7887DA10-86E2-44F6-A8F7-FDD7A2775AAE}.AppStore|iPhoneSimulator.ActiveCfg = AppStore|iPhoneSimulator
		{7887DA10-86E2-44F6-A8F7-FDD7A2775AAE}.AppStore|iPhoneSimulator.Build.0 = AppStore|iPhoneSimulator
		{7887DA10-86E2-44F6-A8F7-FDD7A2775AAE}.Debug|Any CPU.ActiveCfg = Debug|iPhone
		{7887DA10-86E2-44F6-A8F7-FDD7A2775AAE}.Debug|iPhone.ActiveCfg = Debug|iPhone
		{7887DA10-86E2-44F6-A8F7-FDD7A2775AAE}.Debug|iPhone.Build.0 = Debug|iPhone
		{7887DA10-86E2-44F6-A8F7-FDD7A2775AAE}.Debug|iPhoneSimulator.ActiveCfg = Debug|iPhoneSimulator
		{7887DA10-86E2-44F6-A8F7-FDD7A2775AAE}.Debug|iPhoneSimulator.Build.0 = Debug|iPhoneSimulator
		{7887DA10-86E2-44F6-A8F7-FDD7A2775AAE}.Release|Any CPU.ActiveCfg = Release|iPhone
		{7887DA10-86E2-44F6-A8F7-FDD7A2775AAE}.Release|iPhone.ActiveCfg = Release|iPhone
		{7887DA10-86E2-44F6-A8F7-FDD7A2775AAE}.Release|iPhone.Build.0 = Release|iPhone
		{7887DA10-86E2-44F6-A8F7-FDD7A2775AAE}.Release|iPhoneSimulator.ActiveCfg = Release|iPhoneSimulator
		{7887DA10-86E2-44F6-A8F7-FDD7A2775AAE}.Release|iPhoneSimulator.Build.0 = Release|iPhoneSimulator
	EndGlobalSection
	GlobalSection(SolutionProperties) = preSolution
		HideSolutionNode = FALSE
	EndGlobalSection
	GlobalSection(ExtensibilityGlobals) = postSolution
		SolutionGuid = {9F28CCCC-1AFB-4F37-BF5C-683706C37B2B}
	EndGlobalSection
EndGlobal
